{
  "originHash" : "2dd9ced06165255816d79636319bdb8ab4d45daa20137a2bcd6a5b933a2441f7",
  "pins" : [
    {
      "identity" : "featureskit",
      "kind" : "remoteSourceControl",
      "location" : "https://github.com/TheFern2/FeaturesKit",
      "state" : {
        "revision" : "aa5c24646552feefa25ced9efd058c0728215223",
        "version" : "0.1.0"
      }
    }
  ],
  "version" : 3
}
